
Microsoft Visual Studio Solution File, Format Version 12.00
# Visual Studio Version 16
VisualStudioVersion = 16.0.30104.148
MinimumVisualStudioVersion = 10.0.40219.1
Project("{FAE04EC0-301F-11D3-BF4B-00C04F79EFBC}") = "Program 1", "Program 1\Program 1.csproj", "{66EC320A-C9AF-4CB5-B2B1-A93A5C23B735}"
EndProject
Project("{FAE04EC0-301F-11D3-BF4B-00C04F79EFBC}") = "Program 2", "Program 2\Program 2.csproj", "{AE538F20-2864-4E41-85E4-9886690C4417}"
EndProject
Project("{FAE04EC0-301F-11D3-BF4B-00C04F79EFBC}") = "MyLib", "MyLib\MyLib.csproj", "{23A41CA0-B2DB-495E-8E00-381CE02639A2}"
EndProject
Global
	GlobalSection(SolutionConfigurationPlatforms) = preSolution
		Debug|Any CPU = Debug|Any CPU
		Release|Any CPU = Release|Any CPU
	EndGlobalSection
	GlobalSection(ProjectConfigurationPlatforms) = postSolution
		{66EC320A-C9AF-4CB5-B2B1-A93A5C23B735}.Debug|Any CPU.ActiveCfg = Debug|Any CPU
		{66EC320A-C9AF-4CB5-B2B1-A93A5C23B735}.Debug|Any CPU.Build.0 = Debug|Any CPU
		{66EC320A-C9AF-4CB5-B2B1-A93A5C23B735}.Release|Any CPU.ActiveCfg = Release|Any CPU
		{66EC320A-C9AF-4CB5-B2B1-A93A5C23B735}.Release|Any CPU.Build.0 = Release|Any CPU
		{AE538F20-2864-4E41-85E4-9886690C4417}.Debug|Any CPU.ActiveCfg = Debug|Any CPU
		{AE538F20-2864-4E41-85E4-9886690C4417}.Debug|Any CPU.Build.0 = Debug|Any CPU
		{AE538F20-2864-4E41-85E4-9886690C4417}.Release|Any CPU.ActiveCfg = Release|Any CPU
		{AE538F20-2864-4E41-85E4-9886690C4417}.Release|Any CPU.Build.0 = Release|Any CPU
		{23A41CA0-B2DB-495E-8E00-381CE02639A2}.Debug|Any CPU.ActiveCfg = Debug|Any CPU
		{23A41CA0-B2DB-495E-8E00-381CE02639A2}.Debug|Any CPU.Build.0 = Debug|Any CPU
		{23A41CA0-B2DB-495E-8E00-381CE02639A2}.Release|Any CPU.ActiveCfg = Release|Any CPU
		{23A41CA0-B2DB-495E-8E00-381CE02639A2}.Release|Any CPU.Build.0 = Release|Any CPU
	EndGlobalSection
	GlobalSection(SolutionProperties) = preSolution
		HideSolutionNode = FALSE
	EndGlobalSection
	GlobalSection(ExtensibilityGlobals) = postSolution
		SolutionGuid = {6BAE0ED4-F1D7-4508-ADF3-FD4FF96FFD00}
	EndGlobalSection
EndGlobal
